
Microsoft Visual Studio Solution File, Format Version 12.00
# Visual Studio Version 17
VisualStudioVersion = 17.10.35122.118
MinimumVisualStudioVersion = 10.0.40219.1
Project("{FAE04EC0-301F-11D3-BF4B-00C04F79EFBC}") = "ASM2_HA", "ASM2_HA\ASM2_HA.csproj", "{824EEDAF-0C39-4842-81AE-ABC7AC13ACAA}"
EndProject
Global
	GlobalSection(SolutionConfigurationPlatforms) = preSolution
		Debug|Any CPU = Debug|Any CPU
		Release|Any CPU = Release|Any CPU
	EndGlobalSection
	GlobalSection(ProjectConfigurationPlatforms) = postSolution
		{824EEDAF-0C39-4842-81AE-ABC7AC13ACAA}.Debug|Any CPU.ActiveCfg = Debug|Any CPU
		{824EEDAF-0C39-4842-81AE-ABC7AC13ACAA}.Debug|Any CPU.Build.0 = Debug|Any CPU
		{824EEDAF-0C39-4842-81AE-ABC7AC13ACAA}.Release|Any CPU.ActiveCfg = Release|Any CPU
		{824EEDAF-0C39-4842-81AE-ABC7AC13ACAA}.Release|Any CPU.Build.0 = Release|Any CPU
	EndGlobalSection
	GlobalSection(SolutionProperties) = preSolution
		HideSolutionNode = FALSE
	EndGlobalSection
	GlobalSection(ExtensibilityGlobals) = postSolution
		SolutionGuid = {AAC1AEC2-9133-4962-A41A-0B95194CEF83}
	EndGlobalSection
EndGlobal
